// !$*UTF8*$!
{
	archiveVersion = 1;
	classes = {
	};
	objectVersion = 56;
	objects = {

/* Begin PBXBuildFile section */
		488D3432A551748E9E433065 /* Pods_TheMovieBoxTests.framework in Frameworks */ = {isa = PBXBuildFile; fileRef = F1A38FEBFC67005BFC925BF9 /* Pods_TheMovieBoxTests.framework */; };
		4AC5F6F42953C9AA00FDB0E8 /* AppDelegate.swift in Sources */ = {isa = PBXBuildFile; fileRef = 4AC5F6F32953C9AA00FDB0E8 /* AppDelegate.swift */; };
		4AC5F6F62953C9AA00FDB0E8 /* SceneDelegate.swift in Sources */ = {isa = PBXBuildFile; fileRef = 4AC5F6F52953C9AA00FDB0E8 /* SceneDelegate.swift */; };
		4AC5F6FD2953C9AB00FDB0E8 /* Assets.xcassets in Resources */ = {isa = PBXBuildFile; fileRef = 4AC5F6FC2953C9AB00FDB0E8 /* Assets.xcassets */; };
		4AC5F7002953C9AB00FDB0E8 /* LaunchScreen.storyboard in Resources */ = {isa = PBXBuildFile; fileRef = 4AC5F6FE2953C9AB00FDB0E8 /* LaunchScreen.storyboard */; };
		4AC5F70B2953C9AB00FDB0E8 /* TheMovieBoxTests.swift in Sources */ = {isa = PBXBuildFile; fileRef = 4AC5F70A2953C9AB00FDB0E8 /* TheMovieBoxTests.swift */; };
		4AC5F7152953C9AB00FDB0E8 /* TheMovieBoxUITests.swift in Sources */ = {isa = PBXBuildFile; fileRef = 4AC5F7142953C9AB00FDB0E8 /* TheMovieBoxUITests.swift */; };
		4AC5F7172953C9AB00FDB0E8 /* TheMovieBoxUITestsLaunchTests.swift in Sources */ = {isa = PBXBuildFile; fileRef = 4AC5F7162953C9AB00FDB0E8 /* TheMovieBoxUITestsLaunchTests.swift */; };
		4AC5F76B2953CAD200FDB0E8 /* MovieAPI.swift in Sources */ = {isa = PBXBuildFile; fileRef = 4AC5F7252953CAD100FDB0E8 /* MovieAPI.swift */; };
		4AC5F76C2953CAD200FDB0E8 /* DashboardAPI.swift in Sources */ = {isa = PBXBuildFile; fileRef = 4AC5F7262953CAD100FDB0E8 /* DashboardAPI.swift */; };
		4AC5F76D2953CAD200FDB0E8 /* Client.swift in Sources */ = {isa = PBXBuildFile; fileRef = 4AC5F7272953CAD100FDB0E8 /* Client.swift */; };
		4AC5F76E2953CAD200FDB0E8 /* Router.swift in Sources */ = {isa = PBXBuildFile; fileRef = 4AC5F7282953CAD100FDB0E8 /* Router.swift */; };
		4AC5F76F2953CAD200FDB0E8 /* Movie.storyboard in Resources */ = {isa = PBXBuildFile; fileRef = 4AC5F72B2953CAD100FDB0E8 /* Movie.storyboard */; };
		4AC5F7702953CAD200FDB0E8 /* Dashboard.storyboard in Resources */ = {isa = PBXBuildFile; fileRef = 4AC5F72C2953CAD100FDB0E8 /* Dashboard.storyboard */; };
		4AC5F7712953CAD200FDB0E8 /* BaseVC.swift in Sources */ = {isa = PBXBuildFile; fileRef = 4AC5F72D2953CAD100FDB0E8 /* BaseVC.swift */; };
		4AC5F7722953CAD200FDB0E8 /* DashboardMoviesRowCellViewModel.swift in Sources */ = {isa = PBXBuildFile; fileRef = 4AC5F7302953CAD100FDB0E8 /* DashboardMoviesRowCellViewModel.swift */; };
		4AC5F7732953CAD200FDB0E8 /* DashboardVM.swift in Sources */ = {isa = PBXBuildFile; fileRef = 4AC5F7312953CAD100FDB0E8 /* DashboardVM.swift */; };
		4AC5F7742953CAD200FDB0E8 /* DashboardCoordinator.swift in Sources */ = {isa = PBXBuildFile; fileRef = 4AC5F7332953CAD100FDB0E8 /* DashboardCoordinator.swift */; };
		4AC5F7752953CAD200FDB0E8 /* DashboardVC.swift in Sources */ = {isa = PBXBuildFile; fileRef = 4AC5F7372953CAD100FDB0E8 /* DashboardVC.swift */; };
		4AC5F7762953CAD200FDB0E8 /* DashboardHeaderCell.xib in Resources */ = {isa = PBXBuildFile; fileRef = 4AC5F7392953CAD100FDB0E8 /* DashboardHeaderCell.xib */; };
		4AC5F7772953CAD200FDB0E8 /* DashboardMoviesRowCell.swift in Sources */ = {isa = PBXBuildFile; fileRef = 4AC5F73A2953CAD100FDB0E8 /* DashboardMoviesRowCell.swift */; };
		4AC5F7782953CAD200FDB0E8 /* DashboardMoviesColCell.swift in Sources */ = {isa = PBXBuildFile; fileRef = 4AC5F73B2953CAD100FDB0E8 /* DashboardMoviesColCell.swift */; };
		4AC5F7792953CAD200FDB0E8 /* DashboardMoviesRowCell.xib in Resources */ = {isa = PBXBuildFile; fileRef = 4AC5F73C2953CAD100FDB0E8 /* DashboardMoviesRowCell.xib */; };
		4AC5F77A2953CAD200FDB0E8 /* DashboardHeaderCell.swift in Sources */ = {isa = PBXBuildFile; fileRef = 4AC5F73D2953CAD100FDB0E8 /* DashboardHeaderCell.swift */; };
		4AC5F77B2953CAD200FDB0E8 /* DashboardMoviesColCell.xib in Resources */ = {isa = PBXBuildFile; fileRef = 4AC5F73E2953CAD100FDB0E8 /* DashboardMoviesColCell.xib */; };
		4AC5F77C2953CAD200FDB0E8 /* DashboardMoviesRowCellDelegate.swift in Sources */ = {isa = PBXBuildFile; fileRef = 4AC5F7402953CAD100FDB0E8 /* DashboardMoviesRowCellDelegate.swift */; };
		4AC5F77D2953CAD200FDB0E8 /* MovieDetailVM.swift in Sources */ = {isa = PBXBuildFile; fileRef = 4AC5F7432953CAD100FDB0E8 /* MovieDetailVM.swift */; };
		4AC5F77E2953CAD200FDB0E8 /* MovieDetailCoordinator.swift in Sources */ = {isa = PBXBuildFile; fileRef = 4AC5F7452953CAD100FDB0E8 /* MovieDetailCoordinator.swift */; };
		4AC5F77F2953CAD200FDB0E8 /* MovieDetailVC.swift in Sources */ = {isa = PBXBuildFile; fileRef = 4AC5F7492953CAD100FDB0E8 /* MovieDetailVC.swift */; };
		4AC5F7802953CAD200FDB0E8 /* TitleHeaderCell.xib in Resources */ = {isa = PBXBuildFile; fileRef = 4AC5F74B2953CAD100FDB0E8 /* TitleHeaderCell.xib */; };
		4AC5F7812953CAD200FDB0E8 /* DetailHeaderCell.xib in Resources */ = {isa = PBXBuildFile; fileRef = 4AC5F74C2953CAD100FDB0E8 /* DetailHeaderCell.xib */; };
		4AC5F7822953CAD200FDB0E8 /* ReviewCell.xib in Resources */ = {isa = PBXBuildFile; fileRef = 4AC5F74D2953CAD100FDB0E8 /* ReviewCell.xib */; };
		4AC5F7832953CAD200FDB0E8 /* ReviewCell.swift in Sources */ = {isa = PBXBuildFile; fileRef = 4AC5F74E2953CAD100FDB0E8 /* ReviewCell.swift */; };
		4AC5F7842953CAD200FDB0E8 /* TitleHeaderCell.swift in Sources */ = {isa = PBXBuildFile; fileRef = 4AC5F74F2953CAD100FDB0E8 /* TitleHeaderCell.swift */; };
		4AC5F7852953CAD200FDB0E8 /* DetailHeaderCell.swift in Sources */ = {isa = PBXBuildFile; fileRef = 4AC5F7502953CAD100FDB0E8 /* DetailHeaderCell.swift */; };
		4AC5F7862953CAD200FDB0E8 /* DetailHeaderCellDelegate.swift in Sources */ = {isa = PBXBuildFile; fileRef = 4AC5F7522953CAD100FDB0E8 /* DetailHeaderCellDelegate.swift */; };
		4AC5F7872953CAD200FDB0E8 /* DefaultStorageConstants.swift in Sources */ = {isa = PBXBuildFile; fileRef = 4AC5F7552953CAD200FDB0E8 /* DefaultStorageConstants.swift */; };
		4AC5F7882953CAD200FDB0E8 /* StyleConstants.swift in Sources */ = {isa = PBXBuildFile; fileRef = 4AC5F7562953CAD200FDB0E8 /* StyleConstants.swift */; };
		4AC5F7892953CAD200FDB0E8 /* TextConstants.swift in Sources */ = {isa = PBXBuildFile; fileRef = 4AC5F7572953CAD200FDB0E8 /* TextConstants.swift */; };
		4AC5F78A2953CAD200FDB0E8 /* NetworkConstants.swift in Sources */ = {isa = PBXBuildFile; fileRef = 4AC5F7582953CAD200FDB0E8 /* NetworkConstants.swift */; };
		4AC5F78B2953CAD200FDB0E8 /* Reuseable.swift in Sources */ = {isa = PBXBuildFile; fileRef = 4AC5F75A2953CAD200FDB0E8 /* Reuseable.swift */; };
		4AC5F78C2953CAD200FDB0E8 /* UIColor+Hex.swift in Sources */ = {isa = PBXBuildFile; fileRef = 4AC5F75B2953CAD200FDB0E8 /* UIColor+Hex.swift */; };
		4AC5F78D2953CAD200FDB0E8 /* BaseCoordinator.swift in Sources */ = {isa = PBXBuildFile; fileRef = 4AC5F75E2953CAD200FDB0E8 /* BaseCoordinator.swift */; };
		4AC5F78E2953CAD200FDB0E8 /* MovieListDetailing.swift in Sources */ = {isa = PBXBuildFile; fileRef = 4AC5F7602953CAD200FDB0E8 /* MovieListDetailing.swift */; };
		4AC5F78F2953CAD200FDB0E8 /* MovieDetailing.swift in Sources */ = {isa = PBXBuildFile; fileRef = 4AC5F7612953CAD200FDB0E8 /* MovieDetailing.swift */; };
		4AC5F7902953CAD200FDB0E8 /* Coordinator.swift in Sources */ = {isa = PBXBuildFile; fileRef = 4AC5F7622953CAD200FDB0E8 /* Coordinator.swift */; };
		4AC5F7912953CAD200FDB0E8 /* UserDefaultsManager.swift in Sources */ = {isa = PBXBuildFile; fileRef = 4AC5F7632953CAD200FDB0E8 /* UserDefaultsManager.swift */; };
		4AC5F7922953CAD200FDB0E8 /* AlertManager.swift in Sources */ = {isa = PBXBuildFile; fileRef = 4AC5F7642953CAD200FDB0E8 /* AlertManager.swift */; };
		4AC5F7932953CAD200FDB0E8 /* ReviewModel.swift in Sources */ = {isa = PBXBuildFile; fileRef = 4AC5F7662953CAD200FDB0E8 /* ReviewModel.swift */; };
		4AC5F7942953CAD200FDB0E8 /* MoviesResponseModel.swift in Sources */ = {isa = PBXBuildFile; fileRef = 4AC5F7672953CAD200FDB0E8 /* MoviesResponseModel.swift */; };
		4AC5F7952953CAD200FDB0E8 /* StorableModel.swift in Sources */ = {isa = PBXBuildFile; fileRef = 4AC5F7682953CAD200FDB0E8 /* StorableModel.swift */; };
		4AC5F7962953CAD200FDB0E8 /* MovieModel.swift in Sources */ = {isa = PBXBuildFile; fileRef = 4AC5F7692953CAD200FDB0E8 /* MovieModel.swift */; };
		4AC5F7972953CAD200FDB0E8 /* ReviewsResponseModel.swift in Sources */ = {isa = PBXBuildFile; fileRef = 4AC5F76A2953CAD200FDB0E8 /* ReviewsResponseModel.swift */; };
		4AC5F7992953D5BD00FDB0E8 /* RouterTests.swift in Sources */ = {isa = PBXBuildFile; fileRef = 4AC5F7982953D5BD00FDB0E8 /* RouterTests.swift */; };
		8CF6940235825DD72974E7E5 /* Pods_TheMovieBox_TheMovieBoxUITests.framework in Frameworks */ = {isa = PBXBuildFile; fileRef = 402C6A305FD20769DB0AE946 /* Pods_TheMovieBox_TheMovieBoxUITests.framework */; };
		AE307EF804847394F5CD09DE /* Pods_TheMovieBox.framework in Frameworks */ = {isa = PBXBuildFile; fileRef = F4826F05184B1A314484909E /* Pods_TheMovieBox.framework */; };
/* End PBXBuildFile section */

/* Begin PBXContainerItemProxy section */
		4AC5F7072953C9AB00FDB0E8 /* PBXContainerItemProxy */ = {
			isa = PBXContainerItemProxy;
			containerPortal = 4AC5F6E82953C9AA00FDB0E8 /* Project object */;
			proxyType = 1;
			remoteGlobalIDString = 4AC5F6EF2953C9AA00FDB0E8;
			remoteInfo = TheMovieBox;
		};
		4AC5F7112953C9AB00FDB0E8 /* PBXContainerItemProxy */ = {
			isa = PBXContainerItemProxy;
			containerPortal = 4AC5F6E82953C9AA00FDB0E8 /* Project object */;
			proxyType = 1;
			remoteGlobalIDString = 4AC5F6EF2953C9AA00FDB0E8;
			remoteInfo = TheMovieBox;
		};
/* End PBXContainerItemProxy section */

/* Begin PBXFileReference section */
		381B6F63D42D14ADB43A293E /* Pods-TheMovieBoxTests.release.xcconfig */ = {isa = PBXFileReference; includeInIndex = 1; lastKnownFileType = text.xcconfig; name = "Pods-TheMovieBoxTests.release.xcconfig"; path = "Target Support Files/Pods-TheMovieBoxTests/Pods-TheMovieBoxTests.release.xcconfig"; sourceTree = "<group>"; };
		402C6A305FD20769DB0AE946 /* Pods_TheMovieBox_TheMovieBoxUITests.framework */ = {isa = PBXFileReference; explicitFileType = wrapper.framework; includeInIndex = 0; path = Pods_TheMovieBox_TheMovieBoxUITests.framework; sourceTree = BUILT_PRODUCTS_DIR; };
		4AC5F6F02953C9AA00FDB0E8 /* TheMovieBox.app */ = {isa = PBXFileReference; explicitFileType = wrapper.application; includeInIndex = 0; path = TheMovieBox.app; sourceTree = BUILT_PRODUCTS_DIR; };
		4AC5F6F32953C9AA00FDB0E8 /* AppDelegate.swift */ = {isa = PBXFileReference; lastKnownFileType = sourcecode.swift; path = AppDelegate.swift; sourceTree = "<group>"; };
		4AC5F6F52953C9AA00FDB0E8 /* SceneDelegate.swift */ = {isa = PBXFileReference; lastKnownFileType = sourcecode.swift; path = SceneDelegate.swift; sourceTree = "<group>"; };
		4AC5F6FC2953C9AB00FDB0E8 /* Assets.xcassets */ = {isa = PBXFileReference; lastKnownFileType = folder.assetcatalog; path = Assets.xcassets; sourceTree = "<group>"; };
		4AC5F6FF2953C9AB00FDB0E8 /* Base */ = {isa = PBXFileReference; lastKnownFileType = file.storyboard; name = Base; path = Base.lproj/LaunchScreen.storyboard; sourceTree = "<group>"; };
		4AC5F7012953C9AB00FDB0E8 /* Info.plist */ = {isa = PBXFileReference; lastKnownFileType = text.plist.xml; path = Info.plist; sourceTree = "<group>"; };
		4AC5F7062953C9AB00FDB0E8 /* TheMovieBoxTests.xctest */ = {isa = PBXFileReference; explicitFileType = wrapper.cfbundle; includeInIndex = 0; path = TheMovieBoxTests.xctest; sourceTree = BUILT_PRODUCTS_DIR; };
		4AC5F70A2953C9AB00FDB0E8 /* TheMovieBoxTests.swift */ = {isa = PBXFileReference; lastKnownFileType = sourcecode.swift; path = TheMovieBoxTests.swift; sourceTree = "<group>"; };
		4AC5F7102953C9AB00FDB0E8 /* TheMovieBoxUITests.xctest */ = {isa = PBXFileReference; explicitFileType = wrapper.cfbundle; includeInIndex = 0; path = TheMovieBoxUITests.xctest; sourceTree = BUILT_PRODUCTS_DIR; };
		4AC5F7142953C9AB00FDB0E8 /* TheMovieBoxUITests.swift */ = {isa = PBXFileReference; lastKnownFileType = sourcecode.swift; path = TheMovieBoxUITests.swift; sourceTree = "<group>"; };
		4AC5F7162953C9AB00FDB0E8 /* TheMovieBoxUITestsLaunchTests.swift */ = {isa = PBXFileReference; lastKnownFileType = sourcecode.swift; path = TheMovieBoxUITestsLaunchTests.swift; sourceTree = "<group>"; };
		4AC5F7252953CAD100FDB0E8 /* MovieAPI.swift */ = {isa = PBXFileReference; fileEncoding = 4; lastKnownFileType = sourcecode.swift; path = MovieAPI.swift; sourceTree = "<group>"; };
		4AC5F7262953CAD100FDB0E8 /* DashboardAPI.swift */ = {isa = PBXFileReference; fileEncoding = 4; lastKnownFileType = sourcecode.swift; path = DashboardAPI.swift; sourceTree = "<group>"; };
		4AC5F7272953CAD100FDB0E8 /* Client.swift */ = {isa = PBXFileReference; fileEncoding = 4; lastKnownFileType = sourcecode.swift; path = Client.swift; sourceTree = "<group>"; };
		4AC5F7282953CAD100FDB0E8 /* Router.swift */ = {isa = PBXFileReference; fileEncoding = 4; lastKnownFileType = sourcecode.swift; path = Router.swift; sourceTree = "<group>"; };
		4AC5F72B2953CAD100FDB0E8 /* Movie.storyboard */ = {isa = PBXFileReference; fileEncoding = 4; lastKnownFileType = file.storyboard; path = Movie.storyboard; sourceTree = "<group>"; };
		4AC5F72C2953CAD100FDB0E8 /* Dashboard.storyboard */ = {isa = PBXFileReference; fileEncoding = 4; lastKnownFileType = file.storyboard; path = Dashboard.storyboard; sourceTree = "<group>"; };
		4AC5F72D2953CAD100FDB0E8 /* BaseVC.swift */ = {isa = PBXFileReference; fileEncoding = 4; lastKnownFileType = sourcecode.swift; path = BaseVC.swift; sourceTree = "<group>"; };
		4AC5F7302953CAD100FDB0E8 /* DashboardMoviesRowCellViewModel.swift */ = {isa = PBXFileReference; fileEncoding = 4; lastKnownFileType = sourcecode.swift; path = DashboardMoviesRowCellViewModel.swift; sourceTree = "<group>"; };
		4AC5F7312953CAD100FDB0E8 /* DashboardVM.swift */ = {isa = PBXFileReference; fileEncoding = 4; lastKnownFileType = sourcecode.swift; path = DashboardVM.swift; sourceTree = "<group>"; };
		4AC5F7332953CAD100FDB0E8 /* DashboardCoordinator.swift */ = {isa = PBXFileReference; fileEncoding = 4; lastKnownFileType = sourcecode.swift; path = DashboardCoordinator.swift; sourceTree = "<group>"; };
		4AC5F7372953CAD100FDB0E8 /* DashboardVC.swift */ = {isa = PBXFileReference; fileEncoding = 4; lastKnownFileType = sourcecode.swift; path = DashboardVC.swift; sourceTree = "<group>"; };
		4AC5F7392953CAD100FDB0E8 /* DashboardHeaderCell.xib */ = {isa = PBXFileReference; fileEncoding = 4; lastKnownFileType = file.xib; path = DashboardHeaderCell.xib; sourceTree = "<group>"; };
		4AC5F73A2953CAD100FDB0E8 /* DashboardMoviesRowCell.swift */ = {isa = PBXFileReference; fileEncoding = 4; lastKnownFileType = sourcecode.swift; path = DashboardMoviesRowCell.swift; sourceTree = "<group>"; };
		4AC5F73B2953CAD100FDB0E8 /* DashboardMoviesColCell.swift */ = {isa = PBXFileReference; fileEncoding = 4; lastKnownFileType = sourcecode.swift; path = DashboardMoviesColCell.swift; sourceTree = "<group>"; };
		4AC5F73C2953CAD100FDB0E8 /* DashboardMoviesRowCell.xib */ = {isa = PBXFileReference; fileEncoding = 4; lastKnownFileType = file.xib; path = DashboardMoviesRowCell.xib; sourceTree = "<group>"; };
		4AC5F73D2953CAD100FDB0E8 /* DashboardHeaderCell.swift */ = {isa = PBXFileReference; fileEncoding = 4; lastKnownFileType = sourcecode.swift; path = DashboardHeaderCell.swift; sourceTree = "<group>"; };
		4AC5F73E2953CAD100FDB0E8 /* DashboardMoviesColCell.xib */ = {isa = PBXFileReference; fileEncoding = 4; lastKnownFileType = file.xib; path = DashboardMoviesColCell.xib; sourceTree = "<group>"; };
		4AC5F7402953CAD100FDB0E8 /* DashboardMoviesRowCellDelegate.swift */ = {isa = PBXFileReference; fileEncoding = 4; lastKnownFileType = sourcecode.swift; path = DashboardMoviesRowCellDelegate.swift; sourceTree = "<group>"; };
		4AC5F7432953CAD100FDB0E8 /* MovieDetailVM.swift */ = {isa = PBXFileReference; fileEncoding = 4; lastKnownFileType = sourcecode.swift; path = MovieDetailVM.swift; sourceTree = "<group>"; };
		4AC5F7452953CAD100FDB0E8 /* MovieDetailCoordinator.swift */ = {isa = PBXFileReference; fileEncoding = 4; lastKnownFileType = sourcecode.swift; path = MovieDetailCoordinator.swift; sourceTree = "<group>"; };
		4AC5F7492953CAD100FDB0E8 /* MovieDetailVC.swift */ = {isa = PBXFileReference; fileEncoding = 4; lastKnownFileType = sourcecode.swift; path = MovieDetailVC.swift; sourceTree = "<group>"; };
		4AC5F74B2953CAD100FDB0E8 /* TitleHeaderCell.xib */ = {isa = PBXFileReference; fileEncoding = 4; lastKnownFileType = file.xib; path = TitleHeaderCell.xib; sourceTree = "<group>"; };
		4AC5F74C2953CAD100FDB0E8 /* DetailHeaderCell.xib */ = {isa = PBXFileReference; fileEncoding = 4; lastKnownFileType = file.xib; path = DetailHeaderCell.xib; sourceTree = "<group>"; };
		4AC5F74D2953CAD100FDB0E8 /* ReviewCell.xib */ = {isa = PBXFileReference; fileEncoding = 4; lastKnownFileType = file.xib; path = ReviewCell.xib; sourceTree = "<group>"; };
		4AC5F74E2953CAD100FDB0E8 /* ReviewCell.swift */ = {isa = PBXFileReference; fileEncoding = 4; lastKnownFileType = sourcecode.swift; path = ReviewCell.swift; sourceTree = "<group>"; };
		4AC5F74F2953CAD100FDB0E8 /* TitleHeaderCell.swift */ = {isa = PBXFileReference; fileEncoding = 4; lastKnownFileType = sourcecode.swift; path = TitleHeaderCell.swift; sourceTree = "<group>"; };
		4AC5F7502953CAD100FDB0E8 /* DetailHeaderCell.swift */ = {isa = PBXFileReference; fileEncoding = 4; lastKnownFileType = sourcecode.swift; path = DetailHeaderCell.swift; sourceTree = "<group>"; };
		4AC5F7522953CAD100FDB0E8 /* DetailHeaderCellDelegate.swift */ = {isa = PBXFileReference; fileEncoding = 4; lastKnownFileType = sourcecode.swift; path = DetailHeaderCellDelegate.swift; sourceTree = "<group>"; };
		4AC5F7552953CAD200FDB0E8 /* DefaultStorageConstants.swift */ = {isa = PBXFileReference; fileEncoding = 4; lastKnownFileType = sourcecode.swift; path = DefaultStorageConstants.swift; sourceTree = "<group>"; };
		4AC5F7562953CAD200FDB0E8 /* StyleConstants.swift */ = {isa = PBXFileReference; fileEncoding = 4; lastKnownFileType = sourcecode.swift; path = StyleConstants.swift; sourceTree = "<group>"; };
		4AC5F7572953CAD200FDB0E8 /* TextConstants.swift */ = {isa = PBXFileReference; fileEncoding = 4; lastKnownFileType = sourcecode.swift; path = TextConstants.swift; sourceTree = "<group>"; };
		4AC5F7582953CAD200FDB0E8 /* NetworkConstants.swift */ = {isa = PBXFileReference; fileEncoding = 4; lastKnownFileType = sourcecode.swift; path = NetworkConstants.swift; sourceTree = "<group>"; };
		4AC5F75A2953CAD200FDB0E8 /* Reuseable.swift */ = {isa = PBXFileReference; fileEncoding = 4; lastKnownFileType = sourcecode.swift; path = Reuseable.swift; sourceTree = "<group>"; };
		4AC5F75B2953CAD200FDB0E8 /* UIColor+Hex.swift */ = {isa = PBXFileReference; fileEncoding = 4; lastKnownFileType = sourcecode.swift; path = "UIColor+Hex.swift"; sourceTree = "<group>"; };
		4AC5F75E2953CAD200FDB0E8 /* BaseCoordinator.swift */ = {isa = PBXFileReference; fileEncoding = 4; lastKnownFileType = sourcecode.swift; path = BaseCoordinator.swift; sourceTree = "<group>"; };
		4AC5F7602953CAD200FDB0E8 /* MovieListDetailing.swift */ = {isa = PBXFileReference; fileEncoding = 4; lastKnownFileType = sourcecode.swift; path = MovieListDetailing.swift; sourceTree = "<group>"; };
		4AC5F7612953CAD200FDB0E8 /* MovieDetailing.swift */ = {isa = PBXFileReference; fileEncoding = 4; lastKnownFileType = sourcecode.swift; path = MovieDetailing.swift; sourceTree = "<group>"; };
		4AC5F7622953CAD200FDB0E8 /* Coordinator.swift */ = {isa = PBXFileReference; fileEncoding = 4; lastKnownFileType = sourcecode.swift; path = Coordinator.swift; sourceTree = "<group>"; };
		4AC5F7632953CAD200FDB0E8 /* UserDefaultsManager.swift */ = {isa = PBXFileReference; fileEncoding = 4; lastKnownFileType = sourcecode.swift; path = UserDefaultsManager.swift; sourceTree = "<group>"; };
		4AC5F7642953CAD200FDB0E8 /* AlertManager.swift */ = {isa = PBXFileReference; fileEncoding = 4; lastKnownFileType = sourcecode.swift; path = AlertManager.swift; sourceTree = "<group>"; };
		4AC5F7662953CAD200FDB0E8 /* ReviewModel.swift */ = {isa = PBXFileReference; fileEncoding = 4; lastKnownFileType = sourcecode.swift; path = ReviewModel.swift; sourceTree = "<group>"; };
		4AC5F7672953CAD200FDB0E8 /* MoviesResponseModel.swift */ = {isa = PBXFileReference; fileEncoding = 4; lastKnownFileType = sourcecode.swift; path = MoviesResponseModel.swift; sourceTree = "<group>"; };
		4AC5F7682953CAD200FDB0E8 /* StorableModel.swift */ = {isa = PBXFileReference; fileEncoding = 4; lastKnownFileType = sourcecode.swift; path = StorableModel.swift; sourceTree = "<group>"; };
		4AC5F7692953CAD200FDB0E8 /* MovieModel.swift */ = {isa = PBXFileReference; fileEncoding = 4; lastKnownFileType = sourcecode.swift; path = MovieModel.swift; sourceTree = "<group>"; };
		4AC5F76A2953CAD200FDB0E8 /* ReviewsResponseModel.swift */ = {isa = PBXFileReference; fileEncoding = 4; lastKnownFileType = sourcecode.swift; path = ReviewsResponseModel.swift; sourceTree = "<group>"; };
		4AC5F7982953D5BD00FDB0E8 /* RouterTests.swift */ = {isa = PBXFileReference; lastKnownFileType = sourcecode.swift; path = RouterTests.swift; sourceTree = "<group>"; };
		6CE5C656C6E854CC75AA2034 /* Pods-TheMovieBox-TheMovieBoxUITests.debug.xcconfig */ = {isa = PBXFileReference; includeInIndex = 1; lastKnownFileType = text.xcconfig; name = "Pods-TheMovieBox-TheMovieBoxUITests.debug.xcconfig"; path = "Target Support Files/Pods-TheMovieBox-TheMovieBoxUITests/Pods-TheMovieBox-TheMovieBoxUITests.debug.xcconfig"; sourceTree = "<group>"; };
		76EB4CC06B216B94BBEB4D50 /* Pods-TheMovieBox-TheMovieBoxUITests.release.xcconfig */ = {isa = PBXFileReference; includeInIndex = 1; lastKnownFileType = text.xcconfig; name = "Pods-TheMovieBox-TheMovieBoxUITests.release.xcconfig"; path = "Target Support Files/Pods-TheMovieBox-TheMovieBoxUITests/Pods-TheMovieBox-TheMovieBoxUITests.release.xcconfig"; sourceTree = "<group>"; };
		8D6D789ABF84C411326D6CCD /* Pods-TheMovieBox.debug.xcconfig */ = {isa = PBXFileReference; includeInIndex = 1; lastKnownFileType = text.xcconfig; name = "Pods-TheMovieBox.debug.xcconfig"; path = "Target Support Files/Pods-TheMovieBox/Pods-TheMovieBox.debug.xcconfig"; sourceTree = "<group>"; };
		E418D2055C1B88D6C9BFF571 /* Pods-TheMovieBoxTests.debug.xcconfig */ = {isa = PBXFileReference; includeInIndex = 1; lastKnownFileType = text.xcconfig; name = "Pods-TheMovieBoxTests.debug.xcconfig"; path = "Target Support Files/Pods-TheMovieBoxTests/Pods-TheMovieBoxTests.debug.xcconfig"; sourceTree = "<group>"; };
		EF691D6211E4C94C409BC7B8 /* Pods-TheMovieBox.release.xcconfig */ = {isa = PBXFileReference; includeInIndex = 1; lastKnownFileType = text.xcconfig; name = "Pods-TheMovieBox.release.xcconfig"; path = "Target Support Files/Pods-TheMovieBox/Pods-TheMovieBox.release.xcconfig"; sourceTree = "<group>"; };
		F1A38FEBFC67005BFC925BF9 /* Pods_TheMovieBoxTests.framework */ = {isa = PBXFileReference; explicitFileType = wrapper.framework; includeInIndex = 0; path = Pods_TheMovieBoxTests.framework; sourceTree = BUILT_PRODUCTS_DIR; };
		F4826F05184B1A314484909E /* Pods_TheMovieBox.framework */ = {isa = PBXFileReference; explicitFileType = wrapper.framework; includeInIndex = 0; path = Pods_TheMovieBox.framework; sourceTree = BUILT_PRODUCTS_DIR; };
/* End PBXFileReference section */

/* Begin PBXFrameworksBuildPhase section */
		4AC5F6ED2953C9AA00FDB0E8 /* Frameworks */ = {
			isa = PBXFrameworksBuildPhase;
			buildActionMask = 2147483647;
			files = (
				AE307EF804847394F5CD09DE /* Pods_TheMovieBox.framework in Frameworks */,
			);
			runOnlyForDeploymentPostprocessing = 0;
		};
		4AC5F7032953C9AB00FDB0E8 /* Frameworks */ = {
			isa = PBXFrameworksBuildPhase;
			buildActionMask = 2147483647;
			files = (
				488D3432A551748E9E433065 /* Pods_TheMovieBoxTests.framework in Frameworks */,
			);
			runOnlyForDeploymentPostprocessing = 0;
		};
		4AC5F70D2953C9AB00FDB0E8 /* Frameworks */ = {
			isa = PBXFrameworksBuildPhase;
			buildActionMask = 2147483647;
			files = (
				8CF6940235825DD72974E7E5 /* Pods_TheMovieBox_TheMovieBoxUITests.framework in Frameworks */,
			);
			runOnlyForDeploymentPostprocessing = 0;
		};
/* End PBXFrameworksBuildPhase section */

/* Begin PBXGroup section */
		4241BC1A2B81756DB9963DFF /* Pods */ = {
			isa = PBXGroup;
			children = (
				8D6D789ABF84C411326D6CCD /* Pods-TheMovieBox.debug.xcconfig */,
				EF691D6211E4C94C409BC7B8 /* Pods-TheMovieBox.release.xcconfig */,
				6CE5C656C6E854CC75AA2034 /* Pods-TheMovieBox-TheMovieBoxUITests.debug.xcconfig */,
				76EB4CC06B216B94BBEB4D50 /* Pods-TheMovieBox-TheMovieBoxUITests.release.xcconfig */,
				E418D2055C1B88D6C9BFF571 /* Pods-TheMovieBoxTests.debug.xcconfig */,
				381B6F63D42D14ADB43A293E /* Pods-TheMovieBoxTests.release.xcconfig */,
			);
			path = Pods;
			sourceTree = "<group>";
		};
		4AC5F6E72953C9AA00FDB0E8 = {
			isa = PBXGroup;
			children = (
				4AC5F6F22953C9AA00FDB0E8 /* TheMovieBox */,
				4AC5F7092953C9AB00FDB0E8 /* TheMovieBoxTests */,
				4AC5F7132953C9AB00FDB0E8 /* TheMovieBoxUITests */,
				4AC5F6F12953C9AA00FDB0E8 /* Products */,
				4241BC1A2B81756DB9963DFF /* Pods */,
				BF88E0F3DD979608BF2F0D91 /* Frameworks */,
			);
			sourceTree = "<group>";
		};
		4AC5F6F12953C9AA00FDB0E8 /* Products */ = {
			isa = PBXGroup;
			children = (
				4AC5F6F02953C9AA00FDB0E8 /* TheMovieBox.app */,
				4AC5F7062953C9AB00FDB0E8 /* TheMovieBoxTests.xctest */,
				4AC5F7102953C9AB00FDB0E8 /* TheMovieBoxUITests.xctest */,
			);
			name = Products;
			sourceTree = "<group>";
		};
		4AC5F6F22953C9AA00FDB0E8 /* TheMovieBox */ = {
			isa = PBXGroup;
			children = (
				4AC5F7012953C9AB00FDB0E8 /* Info.plist */,
				4AC5F6F32953C9AA00FDB0E8 /* AppDelegate.swift */,
				4AC5F6F52953C9AA00FDB0E8 /* SceneDelegate.swift */,
				4AC5F6FC2953C9AB00FDB0E8 /* Assets.xcassets */,
				4AC5F6FE2953C9AB00FDB0E8 /* LaunchScreen.storyboard */,
				4AC5F75C2953CAD200FDB0E8 /* Managers */,
				4AC5F7652953CAD200FDB0E8 /* Models */,
				4AC5F7232953CAD100FDB0E8 /* Network */,
				4AC5F7292953CAD100FDB0E8 /* Scenes */,
				4AC5F7532953CAD200FDB0E8 /* SupportingFiles */,
			);
			path = TheMovieBox;
			sourceTree = "<group>";
		};
		4AC5F7092953C9AB00FDB0E8 /* TheMovieBoxTests */ = {
			isa = PBXGroup;
			children = (
				4AC5F70A2953C9AB00FDB0E8 /* TheMovieBoxTests.swift */,
				4AC5F7982953D5BD00FDB0E8 /* RouterTests.swift */,
			);
			path = TheMovieBoxTests;
			sourceTree = "<group>";
		};
		4AC5F7132953C9AB00FDB0E8 /* TheMovieBoxUITests */ = {
			isa = PBXGroup;
			children = (
				4AC5F7142953C9AB00FDB0E8 /* TheMovieBoxUITests.swift */,
				4AC5F7162953C9AB00FDB0E8 /* TheMovieBoxUITestsLaunchTests.swift */,
			);
			path = TheMovieBoxUITests;
			sourceTree = "<group>";
		};
		4AC5F7232953CAD100FDB0E8 /* Network */ = {
			isa = PBXGroup;
			children = (
				4AC5F7242953CAD100FDB0E8 /* APIs */,
				4AC5F7272953CAD100FDB0E8 /* Client.swift */,
				4AC5F7282953CAD100FDB0E8 /* Router.swift */,
			);
			path = Network;
			sourceTree = "<group>";
		};
		4AC5F7242953CAD100FDB0E8 /* APIs */ = {
			isa = PBXGroup;
			children = (
				4AC5F7252953CAD100FDB0E8 /* MovieAPI.swift */,
				4AC5F7262953CAD100FDB0E8 /* DashboardAPI.swift */,
			);
			path = APIs;
			sourceTree = "<group>";
		};
		4AC5F7292953CAD100FDB0E8 /* Scenes */ = {
			isa = PBXGroup;
			children = (
				4AC5F72A2953CAD100FDB0E8 /* StoryBoards */,
				4AC5F72D2953CAD100FDB0E8 /* BaseVC.swift */,
				4AC5F72E2953CAD100FDB0E8 /* Dashboard */,
				4AC5F7412953CAD100FDB0E8 /* MovieDetail */,
			);
			path = Scenes;
			sourceTree = "<group>";
		};
		4AC5F72A2953CAD100FDB0E8 /* StoryBoards */ = {
			isa = PBXGroup;
			children = (
				4AC5F72B2953CAD100FDB0E8 /* Movie.storyboard */,
				4AC5F72C2953CAD100FDB0E8 /* Dashboard.storyboard */,
			);
			path = StoryBoards;
			sourceTree = "<group>";
		};
		4AC5F72E2953CAD100FDB0E8 /* Dashboard */ = {
			isa = PBXGroup;
			children = (
				4AC5F72F2953CAD100FDB0E8 /* ViewModels */,
				4AC5F7322953CAD100FDB0E8 /* Coordinator */,
				4AC5F7342953CAD100FDB0E8 /* Models */,
				4AC5F7352953CAD100FDB0E8 /* Views */,
				4AC5F73F2953CAD100FDB0E8 /* Protocols */,
			);
			path = Dashboard;
			sourceTree = "<group>";
		};
		4AC5F72F2953CAD100FDB0E8 /* ViewModels */ = {
			isa = PBXGroup;
			children = (
				4AC5F7302953CAD100FDB0E8 /* DashboardMoviesRowCellViewModel.swift */,
				4AC5F7312953CAD100FDB0E8 /* DashboardVM.swift */,
			);
			path = ViewModels;
			sourceTree = "<group>";
		};
		4AC5F7322953CAD100FDB0E8 /* Coordinator */ = {
			isa = PBXGroup;
			children = (
				4AC5F7332953CAD100FDB0E8 /* DashboardCoordinator.swift */,
			);
			path = Coordinator;
			sourceTree = "<group>";
		};
		4AC5F7342953CAD100FDB0E8 /* Models */ = {
			isa = PBXGroup;
			children = (
			);
			path = Models;
			sourceTree = "<group>";
		};
		4AC5F7352953CAD100FDB0E8 /* Views */ = {
			isa = PBXGroup;
			children = (
				4AC5F7362953CAD100FDB0E8 /* Controller */,
				4AC5F7382953CAD100FDB0E8 /* Cell */,
			);
			path = Views;
			sourceTree = "<group>";
		};
		4AC5F7362953CAD100FDB0E8 /* Controller */ = {
			isa = PBXGroup;
			children = (
				4AC5F7372953CAD100FDB0E8 /* DashboardVC.swift */,
			);
			path = Controller;
			sourceTree = "<group>";
		};
		4AC5F7382953CAD100FDB0E8 /* Cell */ = {
			isa = PBXGroup;
			children = (
				4AC5F7392953CAD100FDB0E8 /* DashboardHeaderCell.xib */,
				4AC5F73A2953CAD100FDB0E8 /* DashboardMoviesRowCell.swift */,
				4AC5F73B2953CAD100FDB0E8 /* DashboardMoviesColCell.swift */,
				4AC5F73C2953CAD100FDB0E8 /* DashboardMoviesRowCell.xib */,
				4AC5F73D2953CAD100FDB0E8 /* DashboardHeaderCell.swift */,
				4AC5F73E2953CAD100FDB0E8 /* DashboardMoviesColCell.xib */,
			);
			path = Cell;
			sourceTree = "<group>";
		};
		4AC5F73F2953CAD100FDB0E8 /* Protocols */ = {
			isa = PBXGroup;
			children = (
				4AC5F7402953CAD100FDB0E8 /* DashboardMoviesRowCellDelegate.swift */,
			);
			path = Protocols;
			sourceTree = "<group>";
		};
		4AC5F7412953CAD100FDB0E8 /* MovieDetail */ = {
			isa = PBXGroup;
			children = (
				4AC5F7422953CAD100FDB0E8 /* ViewModel */,
				4AC5F7442953CAD100FDB0E8 /* Coordinator */,
				4AC5F7462953CAD100FDB0E8 /* Models */,
				4AC5F7472953CAD100FDB0E8 /* View */,
				4AC5F7512953CAD100FDB0E8 /* Protocols */,
			);
			path = MovieDetail;
			sourceTree = "<group>";
		};
		4AC5F7422953CAD100FDB0E8 /* ViewModel */ = {
			isa = PBXGroup;
			children = (
				4AC5F7432953CAD100FDB0E8 /* MovieDetailVM.swift */,
			);
			path = ViewModel;
			sourceTree = "<group>";
		};
		4AC5F7442953CAD100FDB0E8 /* Coordinator */ = {
			isa = PBXGroup;
			children = (
				4AC5F7452953CAD100FDB0E8 /* MovieDetailCoordinator.swift */,
			);
			path = Coordinator;
			sourceTree = "<group>";
		};
		4AC5F7462953CAD100FDB0E8 /* Models */ = {
			isa = PBXGroup;
			children = (
			);
			path = Models;
			sourceTree = "<group>";
		};
		4AC5F7472953CAD100FDB0E8 /* View */ = {
			isa = PBXGroup;
			children = (
				4AC5F7482953CAD100FDB0E8 /* Controller */,
				4AC5F74A2953CAD100FDB0E8 /* Cell */,
			);
			path = View;
			sourceTree = "<group>";
		};
		4AC5F7482953CAD100FDB0E8 /* Controller */ = {
			isa = PBXGroup;
			children = (
				4AC5F7492953CAD100FDB0E8 /* MovieDetailVC.swift */,
			);
			path = Controller;
			sourceTree = "<group>";
		};
		4AC5F74A2953CAD100FDB0E8 /* Cell */ = {
			isa = PBXGroup;
			children = (
				4AC5F74B2953CAD100FDB0E8 /* TitleHeaderCell.xib */,
				4AC5F74C2953CAD100FDB0E8 /* DetailHeaderCell.xib */,
				4AC5F74D2953CAD100FDB0E8 /* ReviewCell.xib */,
				4AC5F74E2953CAD100FDB0E8 /* ReviewCell.swift */,
				4AC5F74F2953CAD100FDB0E8 /* TitleHeaderCell.swift */,
				4AC5F7502953CAD100FDB0E8 /* DetailHeaderCell.swift */,
			);
			path = Cell;
			sourceTree = "<group>";
		};
		4AC5F7512953CAD100FDB0E8 /* Protocols */ = {
			isa = PBXGroup;
			children = (
				4AC5F7522953CAD100FDB0E8 /* DetailHeaderCellDelegate.swift */,
			);
			path = Protocols;
			sourceTree = "<group>";
		};
		4AC5F7532953CAD200FDB0E8 /* SupportingFiles */ = {
			isa = PBXGroup;
			children = (
				4AC5F7542953CAD200FDB0E8 /* Constants */,
				4AC5F7592953CAD200FDB0E8 /* Extensions */,
			);
			path = SupportingFiles;
			sourceTree = "<group>";
		};
		4AC5F7542953CAD200FDB0E8 /* Constants */ = {
			isa = PBXGroup;
			children = (
				4AC5F7552953CAD200FDB0E8 /* DefaultStorageConstants.swift */,
				4AC5F7562953CAD200FDB0E8 /* StyleConstants.swift */,
				4AC5F7572953CAD200FDB0E8 /* TextConstants.swift */,
				4AC5F7582953CAD200FDB0E8 /* NetworkConstants.swift */,
			);
			path = Constants;
			sourceTree = "<group>";
		};
		4AC5F7592953CAD200FDB0E8 /* Extensions */ = {
			isa = PBXGroup;
			children = (
				4AC5F75A2953CAD200FDB0E8 /* Reuseable.swift */,
				4AC5F75B2953CAD200FDB0E8 /* UIColor+Hex.swift */,
			);
			path = Extensions;
			sourceTree = "<group>";
		};
		4AC5F75C2953CAD200FDB0E8 /* Managers */ = {
			isa = PBXGroup;
			children = (
				4AC5F75D2953CAD200FDB0E8 /* Coordinator */,
				4AC5F7632953CAD200FDB0E8 /* UserDefaultsManager.swift */,
				4AC5F7642953CAD200FDB0E8 /* AlertManager.swift */,
			);
			path = Managers;
			sourceTree = "<group>";
		};
		4AC5F75D2953CAD200FDB0E8 /* Coordinator */ = {
			isa = PBXGroup;
			children = (
				4AC5F75E2953CAD200FDB0E8 /* BaseCoordinator.swift */,
				4AC5F75F2953CAD200FDB0E8 /* Protocols */,
				4AC5F7622953CAD200FDB0E8 /* Coordinator.swift */,
			);
			path = Coordinator;
			sourceTree = "<group>";
		};
		4AC5F75F2953CAD200FDB0E8 /* Protocols */ = {
			isa = PBXGroup;
			children = (
				4AC5F7602953CAD200FDB0E8 /* MovieListDetailing.swift */,
				4AC5F7612953CAD200FDB0E8 /* MovieDetailing.swift */,
			);
			path = Protocols;
			sourceTree = "<group>";
		};
		4AC5F7652953CAD200FDB0E8 /* Models */ = {
			isa = PBXGroup;
			children = (
				4AC5F7662953CAD200FDB0E8 /* ReviewModel.swift */,
				4AC5F7672953CAD200FDB0E8 /* MoviesResponseModel.swift */,
				4AC5F7682953CAD200FDB0E8 /* StorableModel.swift */,
				4AC5F7692953CAD200FDB0E8 /* MovieModel.swift */,
				4AC5F76A2953CAD200FDB0E8 /* ReviewsResponseModel.swift */,
			);
			path = Models;
			sourceTree = "<group>";
		};
		BF88E0F3DD979608BF2F0D91 /* Frameworks */ = {
			isa = PBXGroup;
			children = (
				F4826F05184B1A314484909E /* Pods_TheMovieBox.framework */,
				402C6A305FD20769DB0AE946 /* Pods_TheMovieBox_TheMovieBoxUITests.framework */,
				F1A38FEBFC67005BFC925BF9 /* Pods_TheMovieBoxTests.framework */,
			);
			name = Frameworks;
			sourceTree = "<group>";
		};
/* End PBXGroup section */

/* Begin PBXNativeTarget section */
		4AC5F6EF2953C9AA00FDB0E8 /* TheMovieBox */ = {
			isa = PBXNativeTarget;
			buildConfigurationList = 4AC5F71A2953C9AB00FDB0E8 /* Build configuration list for PBXNativeTarget "TheMovieBox" */;
			buildPhases = (
				236610D3AAED4F38E03F3667 /* [CP] Check Pods Manifest.lock */,
				4AC5F6EC2953C9AA00FDB0E8 /* Sources */,
				4AC5F6ED2953C9AA00FDB0E8 /* Frameworks */,
				4AC5F6EE2953C9AA00FDB0E8 /* Resources */,
				8650151CC3D51A23E0E408B9 /* [CP] Embed Pods Frameworks */,
			);
			buildRules = (
			);
			dependencies = (
			);
			name = TheMovieBox;
			productName = TheMovieBox;
			productReference = 4AC5F6F02953C9AA00FDB0E8 /* TheMovieBox.app */;
			productType = "com.apple.product-type.application";
		};
		4AC5F7052953C9AB00FDB0E8 /* TheMovieBoxTests */ = {
			isa = PBXNativeTarget;
			buildConfigurationList = 4AC5F71D2953C9AB00FDB0E8 /* Build configuration list for PBXNativeTarget "TheMovieBoxTests" */;
			buildPhases = (
				86AF46C17C028A8A3A24A707 /* [CP] Check Pods Manifest.lock */,
				4AC5F7022953C9AB00FDB0E8 /* Sources */,
				4AC5F7032953C9AB00FDB0E8 /* Frameworks */,
				4AC5F7042953C9AB00FDB0E8 /* Resources */,
			);
			buildRules = (
			);
			dependencies = (
				4AC5F7082953C9AB00FDB0E8 /* PBXTargetDependency */,
			);
			name = TheMovieBoxTests;
			productName = TheMovieBoxTests;
			productReference = 4AC5F7062953C9AB00FDB0E8 /* TheMovieBoxTests.xctest */;
			productType = "com.apple.product-type.bundle.unit-test";
		};
		4AC5F70F2953C9AB00FDB0E8 /* TheMovieBoxUITests */ = {
			isa = PBXNativeTarget;
			buildConfigurationList = 4AC5F7202953C9AB00FDB0E8 /* Build configuration list for PBXNativeTarget "TheMovieBoxUITests" */;
			buildPhases = (
				7C6E8AAEF05DC2D00FD37794 /* [CP] Check Pods Manifest.lock */,
				4AC5F70C2953C9AB00FDB0E8 /* Sources */,
				4AC5F70D2953C9AB00FDB0E8 /* Frameworks */,
				4AC5F70E2953C9AB00FDB0E8 /* Resources */,
				B6C5582E969C14DE0E1BC54C /* [CP] Embed Pods Frameworks */,
			);
			buildRules = (
			);
			dependencies = (
				4AC5F7122953C9AB00FDB0E8 /* PBXTargetDependency */,
			);
			name = TheMovieBoxUITests;
			productName = TheMovieBoxUITests;
			productReference = 4AC5F7102953C9AB00FDB0E8 /* TheMovieBoxUITests.xctest */;
			productType = "com.apple.product-type.bundle.ui-testing";
		};
/* End PBXNativeTarget section */

/* Begin PBXProject section */
		4AC5F6E82953C9AA00FDB0E8 /* Project object */ = {
			isa = PBXProject;
			attributes = {
				BuildIndependentTargetsInParallel = 1;
				LastSwiftUpdateCheck = 1420;
				LastUpgradeCheck = 1420;
				TargetAttributes = {
					4AC5F6EF2953C9AA00FDB0E8 = {
						CreatedOnToolsVersion = 14.2;
					};
					4AC5F7052953C9AB00FDB0E8 = {
						CreatedOnToolsVersion = 14.2;
						TestTargetID = 4AC5F6EF2953C9AA00FDB0E8;
					};
					4AC5F70F2953C9AB00FDB0E8 = {
						CreatedOnToolsVersion = 14.2;
						TestTargetID = 4AC5F6EF2953C9AA00FDB0E8;
					};
				};
			};
			buildConfigurationList = 4AC5F6EB2953C9AA00FDB0E8 /* Build configuration list for PBXProject "TheMovieBox" */;
			compatibilityVersion = "Xcode 14.0";
			developmentRegion = en;
			hasScannedForEncodings = 0;
			knownRegions = (
				en,
				Base,
			);
			mainGroup = 4AC5F6E72953C9AA00FDB0E8;
			productRefGroup = 4AC5F6F12953C9AA00FDB0E8 /* Products */;
			projectDirPath = "";
			projectRoot = "";
			targets = (
				4AC5F6EF2953C9AA00FDB0E8 /* TheMovieBox */,
				4AC5F7052953C9AB00FDB0E8 /* TheMovieBoxTests */,
				4AC5F70F2953C9AB00FDB0E8 /* TheMovieBoxUITests */,
			);
		};
/* End PBXProject section */

/* Begin PBXResourcesBuildPhase section */
		4AC5F6EE2953C9AA00FDB0E8 /* Resources */ = {
			isa = PBXResourcesBuildPhase;
			buildActionMask = 2147483647;
			files = (
				4AC5F7002953C9AB00FDB0E8 /* LaunchScreen.storyboard in Resources */,
				4AC5F7792953CAD200FDB0E8 /* DashboardMoviesRowCell.xib in Resources */,
				4AC5F7762953CAD200FDB0E8 /* DashboardHeaderCell.xib in Resources */,
				4AC5F7702953CAD200FDB0E8 /* Dashboard.storyboard in Resources */,
				4AC5F7802953CAD200FDB0E8 /* TitleHeaderCell.xib in Resources */,
				4AC5F77B2953CAD200FDB0E8 /* DashboardMoviesColCell.xib in Resources */,
				4AC5F7822953CAD200FDB0E8 /* ReviewCell.xib in Resources */,
				4AC5F6FD2953C9AB00FDB0E8 /* Assets.xcassets in Resources */,
				4AC5F76F2953CAD200FDB0E8 /* Movie.storyboard in Resources */,
				4AC5F7812953CAD200FDB0E8 /* DetailHeaderCell.xib in Resources */,
			);
			runOnlyForDeploymentPostprocessing = 0;
		};
		4AC5F7042953C9AB00FDB0E8 /* Resources */ = {
			isa = PBXResourcesBuildPhase;
			buildActionMask = 2147483647;
			files = (
			);
			runOnlyForDeploymentPostprocessing = 0;
		};
		4AC5F70E2953C9AB00FDB0E8 /* Resources */ = {
			isa = PBXResourcesBuildPhase;
			buildActionMask = 2147483647;
			files = (
			);
			runOnlyForDeploymentPostprocessing = 0;
		};
/* End PBXResourcesBuildPhase section */

/* Begin PBXShellScriptBuildPhase section */
		236610D3AAED4F38E03F3667 /* [CP] Check Pods Manifest.lock */ = {
			isa = PBXShellScriptBuildPhase;
			buildActionMask = 2147483647;
			files = (
			);
			inputFileListPaths = (
			);
			inputPaths = (
				"${PODS_PODFILE_DIR_PATH}/Podfile.lock",
				"${PODS_ROOT}/Manifest.lock",
			);
			name = "[CP] Check Pods Manifest.lock";
			outputFileListPaths = (
			);
			outputPaths = (
				"$(DERIVED_FILE_DIR)/Pods-TheMovieBox-checkManifestLockResult.txt",
			);
			runOnlyForDeploymentPostprocessing = 0;
			shellPath = /bin/sh;
			shellScript = "diff \"${PODS_PODFILE_DIR_PATH}/Podfile.lock\" \"${PODS_ROOT}/Manifest.lock\" > /dev/null\nif [ $? != 0 ] ; then\n    # print error to STDERR\n    echo \"error: The sandbox is not in sync with the Podfile.lock. Run 'pod install' or update your CocoaPods installation.\" >&2\n    exit 1\nfi\n# This output is used by Xcode 'outputs' to avoid re-running this script phase.\necho \"SUCCESS\" > \"${SCRIPT_OUTPUT_FILE_0}\"\n";
			showEnvVarsInLog = 0;
		};
		7C6E8AAEF05DC2D00FD37794 /* [CP] Check Pods Manifest.lock */ = {
			isa = PBXShellScriptBuildPhase;
			buildActionMask = 2147483647;
			files = (
			);
			inputFileListPaths = (
			);
			inputPaths = (
				"${PODS_PODFILE_DIR_PATH}/Podfile.lock",
				"${PODS_ROOT}/Manifest.lock",
			);
			name = "[CP] Check Pods Manifest.lock";
			outputFileListPaths = (
			);
			outputPaths = (
				"$(DERIVED_FILE_DIR)/Pods-TheMovieBox-TheMovieBoxUITests-checkManifestLockResult.txt",
			);
			runOnlyForDeploymentPostprocessing = 0;
			shellPath = /bin/sh;
			shellScript = "diff \"${PODS_PODFILE_DIR_PATH}/Podfile.lock\" \"${PODS_ROOT}/Manifest.lock\" > /dev/null\nif [ $? != 0 ] ; then\n    # print error to STDERR\n    echo \"error: The sandbox is not in sync with the Podfile.lock. Run 'pod install' or update your CocoaPods installation.\" >&2\n    exit 1\nfi\n# This output is used by Xcode 'outputs' to avoid re-running this script phase.\necho \"SUCCESS\" > \"${SCRIPT_OUTPUT_FILE_0}\"\n";
			showEnvVarsInLog = 0;
		};
		8650151CC3D51A23E0E408B9 /* [CP] Embed Pods Frameworks */ = {
			isa = PBXShellScriptBuildPhase;
			buildActionMask = 2147483647;
			files = (
			);
			inputFileListPaths = (
				"${PODS_ROOT}/Target Support Files/Pods-TheMovieBox/Pods-TheMovieBox-frameworks-${CONFIGURATION}-input-files.xcfilelist",
			);
			name = "[CP] Embed Pods Frameworks";
			outputFileListPaths = (
				"${PODS_ROOT}/Target Support Files/Pods-TheMovieBox/Pods-TheMovieBox-frameworks-${CONFIGURATION}-output-files.xcfilelist",
			);
			runOnlyForDeploymentPostprocessing = 0;
			shellPath = /bin/sh;
			shellScript = "\"${PODS_ROOT}/Target Support Files/Pods-TheMovieBox/Pods-TheMovieBox-frameworks.sh\"\n";
			showEnvVarsInLog = 0;
		};
		86AF46C17C028A8A3A24A707 /* [CP] Check Pods Manifest.lock */ = {
			isa = PBXShellScriptBuildPhase;
			buildActionMask = 2147483647;
			files = (
			);
			inputFileListPaths = (
			);
			inputPaths = (
				"${PODS_PODFILE_DIR_PATH}/Podfile.lock",
				"${PODS_ROOT}/Manifest.lock",
			);
			name = "[CP] Check Pods Manifest.lock";
			outputFileListPaths = (
			);
			outputPaths = (
				"$(DERIVED_FILE_DIR)/Pods-TheMovieBoxTests-checkManifestLockResult.txt",
			);
			runOnlyForDeploymentPostprocessing = 0;
			shellPath = /bin/sh;
			shellScript = "diff \"${PODS_PODFILE_DIR_PATH}/Podfile.lock\" \"${PODS_ROOT}/Manifest.lock\" > /dev/null\nif [ $? != 0 ] ; then\n    # print error to STDERR\n    echo \"error: The sandbox is not in sync with the Podfile.lock. Run 'pod install' or update your CocoaPods installation.\" >&2\n    exit 1\nfi\n# This output is used by Xcode 'outputs' to avoid re-running this script phase.\necho \"SUCCESS\" > \"${SCRIPT_OUTPUT_FILE_0}\"\n";
			showEnvVarsInLog = 0;
		};
		B6C5582E969C14DE0E1BC54C /* [CP] Embed Pods Frameworks */ = {
			isa = PBXShellScriptBuildPhase;
			buildActionMask = 2147483647;
			files = (
			);
			inputFileListPaths = (
				"${PODS_ROOT}/Target Support Files/Pods-TheMovieBox-TheMovieBoxUITests/Pods-TheMovieBox-TheMovieBoxUITests-frameworks-${CONFIGURATION}-input-files.xcfilelist",
			);
			name = "[CP] Embed Pods Frameworks";
			outputFileListPaths = (
				"${PODS_ROOT}/Target Support Files/Pods-TheMovieBox-TheMovieBoxUITests/Pods-TheMovieBox-TheMovieBoxUITests-frameworks-${CONFIGURATION}-output-files.xcfilelist",
			);
			runOnlyForDeploymentPostprocessing = 0;
			shellPath = /bin/sh;
			shellScript = "\"${PODS_ROOT}/Target Support Files/Pods-TheMovieBox-TheMovieBoxUITests/Pods-TheMovieBox-TheMovieBoxUITests-frameworks.sh\"\n";
			showEnvVarsInLog = 0;
		};
/* End PBXShellScriptBuildPhase section */

/* Begin PBXSourcesBuildPhase section */
		4AC5F6EC2953C9AA00FDB0E8 /* Sources */ = {
			isa = PBXSourcesBuildPhase;
			buildActionMask = 2147483647;
			files = (
				4AC5F78A2953CAD200FDB0E8 /* NetworkConstants.swift in Sources */,
				4AC5F76B2953CAD200FDB0E8 /* MovieAPI.swift in Sources */,
				4AC5F7742953CAD200FDB0E8 /* DashboardCoordinator.swift in Sources */,
				4AC5F7772953CAD200FDB0E8 /* DashboardMoviesRowCell.swift in Sources */,
				4AC5F7892953CAD200FDB0E8 /* TextConstants.swift in Sources */,
				4AC5F6F42953C9AA00FDB0E8 /* AppDelegate.swift in Sources */,
				4AC5F77F2953CAD200FDB0E8 /* MovieDetailVC.swift in Sources */,
				4AC5F7832953CAD200FDB0E8 /* ReviewCell.swift in Sources */,
				4AC5F7962953CAD200FDB0E8 /* MovieModel.swift in Sources */,
				4AC5F77D2953CAD200FDB0E8 /* MovieDetailVM.swift in Sources */,
				4AC5F6F62953C9AA00FDB0E8 /* SceneDelegate.swift in Sources */,
				4AC5F7872953CAD200FDB0E8 /* DefaultStorageConstants.swift in Sources */,
				4AC5F78D2953CAD200FDB0E8 /* BaseCoordinator.swift in Sources */,
				4AC5F77C2953CAD200FDB0E8 /* DashboardMoviesRowCellDelegate.swift in Sources */,
				4AC5F7752953CAD200FDB0E8 /* DashboardVC.swift in Sources */,
				4AC5F78F2953CAD200FDB0E8 /* MovieDetailing.swift in Sources */,
				4AC5F7942953CAD200FDB0E8 /* MoviesResponseModel.swift in Sources */,
				4AC5F78E2953CAD200FDB0E8 /* MovieListDetailing.swift in Sources */,
				4AC5F7972953CAD200FDB0E8 /* ReviewsResponseModel.swift in Sources */,
				4AC5F7902953CAD200FDB0E8 /* Coordinator.swift in Sources */,
				4AC5F76D2953CAD200FDB0E8 /* Client.swift in Sources */,
				4AC5F7922953CAD200FDB0E8 /* AlertManager.swift in Sources */,
				4AC5F7852953CAD200FDB0E8 /* DetailHeaderCell.swift in Sources */,
				4AC5F7932953CAD200FDB0E8 /* ReviewModel.swift in Sources */,
				4AC5F7882953CAD200FDB0E8 /* StyleConstants.swift in Sources */,
				4AC5F7842953CAD200FDB0E8 /* TitleHeaderCell.swift in Sources */,
				4AC5F76E2953CAD200FDB0E8 /* Router.swift in Sources */,
				4AC5F77E2953CAD200FDB0E8 /* MovieDetailCoordinator.swift in Sources */,
				4AC5F7712953CAD200FDB0E8 /* BaseVC.swift in Sources */,
				4AC5F7862953CAD200FDB0E8 /* DetailHeaderCellDelegate.swift in Sources */,
				4AC5F78C2953CAD200FDB0E8 /* UIColor+Hex.swift in Sources */,
				4AC5F7912953CAD200FDB0E8 /* UserDefaultsManager.swift in Sources */,
				4AC5F78B2953CAD200FDB0E8 /* Reuseable.swift in Sources */,
				4AC5F77A2953CAD200FDB0E8 /* DashboardHeaderCell.swift in Sources */,
				4AC5F7952953CAD200FDB0E8 /* StorableModel.swift in Sources */,
				4AC5F7732953CAD200FDB0E8 /* DashboardVM.swift in Sources */,
				4AC5F76C2953CAD200FDB0E8 /* DashboardAPI.swift in Sources */,
				4AC5F7722953CAD200FDB0E8 /* DashboardMoviesRowCellViewModel.swift in Sources */,
				4AC5F7782953CAD200FDB0E8 /* DashboardMoviesColCell.swift in Sources */,
			);
			runOnlyForDeploymentPostprocessing = 0;
		};
		4AC5F7022953C9AB00FDB0E8 /* Sources */ = {
			isa = PBXSourcesBuildPhase;
			buildActionMask = 2147483647;
			files = (
				4AC5F7992953D5BD00FDB0E8 /* RouterTests.swift in Sources */,
				4AC5F70B2953C9AB00FDB0E8 /* TheMovieBoxTests.swift in Sources */,
			);
			runOnlyForDeploymentPostprocessing = 0;
		};
		4AC5F70C2953C9AB00FDB0E8 /* Sources */ = {
			isa = PBXSourcesBuildPhase;
			buildActionMask = 2147483647;
			files = (
				4AC5F7152953C9AB00FDB0E8 /* TheMovieBoxUITests.swift in Sources */,
				4AC5F7172953C9AB00FDB0E8 /* TheMovieBoxUITestsLaunchTests.swift in Sources */,
			);
			runOnlyForDeploymentPostprocessing = 0;
		};
/* End PBXSourcesBuildPhase section */

/* Begin PBXTargetDependency section */
		4AC5F7082953C9AB00FDB0E8 /* PBXTargetDependency */ = {
			isa = PBXTargetDependency;
			target = 4AC5F6EF2953C9AA00FDB0E8 /* TheMovieBox */;
			targetProxy = 4AC5F7072953C9AB00FDB0E8 /* PBXContainerItemProxy */;
		};
		4AC5F7122953C9AB00FDB0E8 /* PBXTargetDependency */ = {
			isa = PBXTargetDependency;
			target = 4AC5F6EF2953C9AA00FDB0E8 /* TheMovieBox */;
			targetProxy = 4AC5F7112953C9AB00FDB0E8 /* PBXContainerItemProxy */;
		};
/* End PBXTargetDependency section */

/* Begin PBXVariantGroup section */
		4AC5F6FE2953C9AB00FDB0E8 /* LaunchScreen.storyboard */ = {
			isa = PBXVariantGroup;
			children = (
				4AC5F6FF2953C9AB00FDB0E8 /* Base */,
			);
			name = LaunchScreen.storyboard;
			sourceTree = "<group>";
		};
/* End PBXVariantGroup section */

/* Begin XCBuildConfiguration section */
		4AC5F7182953C9AB00FDB0E8 /* Debug */ = {
			isa = XCBuildConfiguration;
			buildSettings = {
				ALWAYS_SEARCH_USER_PATHS = NO;
				CLANG_ANALYZER_NONNULL = YES;
				CLANG_ANALYZER_NUMBER_OBJECT_CONVERSION = YES_AGGRESSIVE;
				CLANG_CXX_LANGUAGE_STANDARD = "gnu++20";
				CLANG_ENABLE_MODULES = YES;
				CLANG_ENABLE_OBJC_ARC = YES;
				CLANG_ENABLE_OBJC_WEAK = YES;
				CLANG_WARN_BLOCK_CAPTURE_AUTORELEASING = YES;
				CLANG_WARN_BOOL_CONVERSION = YES;
				CLANG_WARN_COMMA = YES;
				CLANG_WARN_CONSTANT_CONVERSION = YES;
				CLANG_WARN_DEPRECATED_OBJC_IMPLEMENTATIONS = YES;
				CLANG_WARN_DIRECT_OBJC_ISA_USAGE = YES_ERROR;
				CLANG_WARN_DOCUMENTATION_COMMENTS = YES;
				CLANG_WARN_EMPTY_BODY = YES;
				CLANG_WARN_ENUM_CONVERSION = YES;
				CLANG_WARN_INFINITE_RECURSION = YES;
				CLANG_WARN_INT_CONVERSION = YES;
				CLANG_WARN_NON_LITERAL_NULL_CONVERSION = YES;
				CLANG_WARN_OBJC_IMPLICIT_RETAIN_SELF = YES;
				CLANG_WARN_OBJC_LITERAL_CONVERSION = YES;
				CLANG_WARN_OBJC_ROOT_CLASS = YES_ERROR;
				CLANG_WARN_QUOTED_INCLUDE_IN_FRAMEWORK_HEADER = YES;
				CLANG_WARN_RANGE_LOOP_ANALYSIS = YES;
				CLANG_WARN_STRICT_PROTOTYPES = YES;
				CLANG_WARN_SUSPICIOUS_MOVE = YES;
				CLANG_WARN_UNGUARDED_AVAILABILITY = YES_AGGRESSIVE;
				CLANG_WARN_UNREACHABLE_CODE = YES;
				CLANG_WARN__DUPLICATE_METHOD_MATCH = YES;
				COPY_PHASE_STRIP = NO;
				DEBUG_INFORMATION_FORMAT = dwarf;
				ENABLE_STRICT_OBJC_MSGSEND = YES;
				ENABLE_TESTABILITY = YES;
				GCC_C_LANGUAGE_STANDARD = gnu11;
				GCC_DYNAMIC_NO_PIC = NO;
				GCC_NO_COMMON_BLOCKS = YES;
				GCC_OPTIMIZATION_LEVEL = 0;
				GCC_PREPROCESSOR_DEFINITIONS = (
					"DEBUG=1",
					"$(inherited)",
				);
				GCC_WARN_64_TO_32_BIT_CONVERSION = YES;
				GCC_WARN_ABOUT_RETURN_TYPE = YES_ERROR;
				GCC_WARN_UNDECLARED_SELECTOR = YES;
				GCC_WARN_UNINITIALIZED_AUTOS = YES_AGGRESSIVE;
				GCC_WARN_UNUSED_FUNCTION = YES;
				GCC_WARN_UNUSED_VARIABLE = YES;
				IPHONEOS_DEPLOYMENT_TARGET = 16.2;
				MTL_ENABLE_DEBUG_INFO = INCLUDE_SOURCE;
				MTL_FAST_MATH = YES;
				ONLY_ACTIVE_ARCH = YES;
				SDKROOT = iphoneos;
				SWIFT_ACTIVE_COMPILATION_CONDITIONS = DEBUG;
				SWIFT_OPTIMIZATION_LEVEL = "-Onone";
			};
			name = Debug;
		};
		4AC5F7192953C9AB00FDB0E8 /* Release */ = {
			isa = XCBuildConfiguration;
			buildSettings = {
				ALWAYS_SEARCH_USER_PATHS = NO;
				CLANG_ANALYZER_NONNULL = YES;
				CLANG_ANALYZER_NUMBER_OBJECT_CONVERSION = YES_AGGRESSIVE;
				CLANG_CXX_LANGUAGE_STANDARD = "gnu++20";
				CLANG_ENABLE_MODULES = YES;
				CLANG_ENABLE_OBJC_ARC = YES;
				CLANG_ENABLE_OBJC_WEAK = YES;
				CLANG_WARN_BLOCK_CAPTURE_AUTORELEASING = YES;
				CLANG_WARN_BOOL_CONVERSION = YES;
				CLANG_WARN_COMMA = YES;
				CLANG_WARN_CONSTANT_CONVERSION = YES;
				CLANG_WARN_DEPRECATED_OBJC_IMPLEMENTATIONS = YES;
				CLANG_WARN_DIRECT_OBJC_ISA_USAGE = YES_ERROR;
				CLANG_WARN_DOCUMENTATION_COMMENTS = YES;
				CLANG_WARN_EMPTY_BODY = YES;
				CLANG_WARN_ENUM_CONVERSION = YES;
				CLANG_WARN_INFINITE_RECURSION = YES;
				CLANG_WARN_INT_CONVERSION = YES;
				CLANG_WARN_NON_LITERAL_NULL_CONVERSION = YES;
				CLANG_WARN_OBJC_IMPLICIT_RETAIN_SELF = YES;
				CLANG_WARN_OBJC_LITERAL_CONVERSION = YES;
				CLANG_WARN_OBJC_ROOT_CLASS = YES_ERROR;
				CLANG_WARN_QUOTED_INCLUDE_IN_FRAMEWORK_HEADER = YES;
				CLANG_WARN_RANGE_LOOP_ANALYSIS = YES;
				CLANG_WARN_STRICT_PROTOTYPES = YES;
				CLANG_WARN_SUSPICIOUS_MOVE = YES;
				CLANG_WARN_UNGUARDED_AVAILABILITY = YES_AGGRESSIVE;
				CLANG_WARN_UNREACHABLE_CODE = YES;
				CLANG_WARN__DUPLICATE_METHOD_MATCH = YES;
				COPY_PHASE_STRIP = NO;
				DEBUG_INFORMATION_FORMAT = "dwarf-with-dsym";
				ENABLE_NS_ASSERTIONS = NO;
				ENABLE_STRICT_OBJC_MSGSEND = YES;
				GCC_C_LANGUAGE_STANDARD = gnu11;
				GCC_NO_COMMON_BLOCKS = YES;
				GCC_WARN_64_TO_32_BIT_CONVERSION = YES;
				GCC_WARN_ABOUT_RETURN_TYPE = YES_ERROR;
				GCC_WARN_UNDECLARED_SELECTOR = YES;
				GCC_WARN_UNINITIALIZED_AUTOS = YES_AGGRESSIVE;
				GCC_WARN_UNUSED_FUNCTION = YES;
				GCC_WARN_UNUSED_VARIABLE = YES;
				IPHONEOS_DEPLOYMENT_TARGET = 16.2;
				MTL_ENABLE_DEBUG_INFO = NO;
				MTL_FAST_MATH = YES;
				SDKROOT = iphoneos;
				SWIFT_COMPILATION_MODE = wholemodule;
				SWIFT_OPTIMIZATION_LEVEL = "-O";
				VALIDATE_PRODUCT = YES;
			};
			name = Release;
		};
		4AC5F71B2953C9AB00FDB0E8 /* Debug */ = {
			isa = XCBuildConfiguration;
			baseConfigurationReference = 8D6D789ABF84C411326D6CCD /* Pods-TheMovieBox.debug.xcconfig */;
			buildSettings = {
				ASSETCATALOG_COMPILER_APPICON_NAME = AppIcon;
				ASSETCATALOG_COMPILER_GLOBAL_ACCENT_COLOR_NAME = AccentColor;
				CODE_SIGN_STYLE = Automatic;
				CURRENT_PROJECT_VERSION = 1;
				DEVELOPMENT_TEAM = S4S9NLK24C;
				GENERATE_INFOPLIST_FILE = YES;
				INFOPLIST_FILE = TheMovieBox/Info.plist;
				INFOPLIST_KEY_CFBundleDisplayName = "The MovieBox";
				INFOPLIST_KEY_LSApplicationCategoryType = "public.app-category.lifestyle";
				INFOPLIST_KEY_UIApplicationSupportsIndirectInputEvents = YES;
				INFOPLIST_KEY_UILaunchStoryboardName = LaunchScreen;
				INFOPLIST_KEY_UIStatusBarStyle = UIStatusBarStyleLightContent;
				INFOPLIST_KEY_UISupportedInterfaceOrientations = UIInterfaceOrientationPortrait;
				INFOPLIST_KEY_UISupportedInterfaceOrientations_iPad = "UIInterfaceOrientationLandscapeLeft UIInterfaceOrientationLandscapeRight UIInterfaceOrientationPortrait UIInterfaceOrientationPortraitUpsideDown";
				IPHONEOS_DEPLOYMENT_TARGET = 13.0;
				LD_RUNPATH_SEARCH_PATHS = (
					"$(inherited)",
					"@executable_path/Frameworks",
				);
				MARKETING_VERSION = 1.0;
				PRODUCT_BUNDLE_IDENTIFIER = com.isa.TheMovieBox;
				PRODUCT_NAME = "$(TARGET_NAME)";
				SUPPORTED_PLATFORMS = "iphoneos iphonesimulator";
				SUPPORTS_MACCATALYST = NO;
				SUPPORTS_MAC_DESIGNED_FOR_IPHONE_IPAD = NO;
				SWIFT_EMIT_LOC_STRINGS = YES;
				SWIFT_VERSION = 5.0;
				TARGETED_DEVICE_FAMILY = 1;
			};
			name = Debug;
		};
		4AC5F71C2953C9AB00FDB0E8 /* Release */ = {
			isa = XCBuildConfiguration;
			baseConfigurationReference = EF691D6211E4C94C409BC7B8 /* Pods-TheMovieBox.release.xcconfig */;
			buildSettings = {
				ASSETCATALOG_COMPILER_APPICON_NAME = AppIcon;
				ASSETCATALOG_COMPILER_GLOBAL_ACCENT_COLOR_NAME = AccentColor;
				CODE_SIGN_STYLE = Automatic;
				CURRENT_PROJECT_VERSION = 1;
				DEVELOPMENT_TEAM = S4S9NLK24C;
				GENERATE_INFOPLIST_FILE = YES;
				INFOPLIST_FILE = TheMovieBox/Info.plist;
				INFOPLIST_KEY_CFBundleDisplayName = "The MovieBox";
				INFOPLIST_KEY_LSApplicationCategoryType = "public.app-category.lifestyle";
				INFOPLIST_KEY_UIApplicationSupportsIndirectInputEvents = YES;
				INFOPLIST_KEY_UILaunchStoryboardName = LaunchScreen;
				INFOPLIST_KEY_UIStatusBarStyle = UIStatusBarStyleLightContent;
				INFOPLIST_KEY_UISupportedInterfaceOrientations = UIInterfaceOrientationPortrait;
				INFOPLIST_KEY_UISupportedInterfaceOrientations_iPad = "UIInterfaceOrientationLandscapeLeft UIInterfaceOrientationLandscapeRight UIInterfaceOrientationPortrait UIInterfaceOrientationPortraitUpsideDown";
				IPHONEOS_DEPLOYMENT_TARGET = 13.0;
				LD_RUNPATH_SEARCH_PATHS = (
					"$(inherited)",
					"@executable_path/Frameworks",
				);
				MARKETING_VERSION = 1.0;
				PRODUCT_BUNDLE_IDENTIFIER = com.isa.TheMovieBox;
				PRODUCT_NAME = "$(TARGET_NAME)";
				SUPPORTED_PLATFORMS = "iphoneos iphonesimulator";
				SUPPORTS_MACCATALYST = NO;
				SUPPORTS_MAC_DESIGNED_FOR_IPHONE_IPAD = NO;
				SWIFT_EMIT_LOC_STRINGS = YES;
				SWIFT_VERSION = 5.0;
				TARGETED_DEVICE_FAMILY = 1;
			};
			name = Release;
		};
		4AC5F71E2953C9AB00FDB0E8 /* Debug */ = {
			isa = XCBuildConfiguration;
			baseConfigurationReference = E418D2055C1B88D6C9BFF571 /* Pods-TheMovieBoxTests.debug.xcconfig */;
			buildSettings = {
				ALWAYS_EMBED_SWIFT_STANDARD_LIBRARIES = YES;
				BUNDLE_LOADER = "$(TEST_HOST)";
				CODE_SIGN_STYLE = Automatic;
				CURRENT_PROJECT_VERSION = 1;
				DEVELOPMENT_TEAM = S4S9NLK24C;
				GENERATE_INFOPLIST_FILE = YES;
				IPHONEOS_DEPLOYMENT_TARGET = 16.2;
				MARKETING_VERSION = 1.0;
				PRODUCT_BUNDLE_IDENTIFIER = com.isa.TheMovieBoxTests;
				PRODUCT_NAME = "$(TARGET_NAME)";
				SWIFT_EMIT_LOC_STRINGS = NO;
				SWIFT_VERSION = 5.0;
				TARGETED_DEVICE_FAMILY = "1,2";
				TEST_HOST = "$(BUILT_PRODUCTS_DIR)/TheMovieBox.app/$(BUNDLE_EXECUTABLE_FOLDER_PATH)/TheMovieBox";
			};
			name = Debug;
		};
		4AC5F71F2953C9AB00FDB0E8 /* Release */ = {
			isa = XCBuildConfiguration;
			baseConfigurationReference = 381B6F63D42D14ADB43A293E /* Pods-TheMovieBoxTests.release.xcconfig */;
			buildSettings = {
				ALWAYS_EMBED_SWIFT_STANDARD_LIBRARIES = YES;
				BUNDLE_LOADER = "$(TEST_HOST)";
				CODE_SIGN_STYLE = Automatic;
				CURRENT_PROJECT_VERSION = 1;
				DEVELOPMENT_TEAM = S4S9NLK24C;
				GENERATE_INFOPLIST_FILE = YES;
				IPHONEOS_DEPLOYMENT_TARGET = 16.2;
				MARKETING_VERSION = 1.0;
				PRODUCT_BUNDLE_IDENTIFIER = com.isa.TheMovieBoxTests;
				PRODUCT_NAME = "$(TARGET_NAME)";
				SWIFT_EMIT_LOC_STRINGS = NO;
				SWIFT_VERSION = 5.0;
				TARGETED_DEVICE_FAMILY = "1,2";
				TEST_HOST = "$(BUILT_PRODUCTS_DIR)/TheMovieBox.app/$(BUNDLE_EXECUTABLE_FOLDER_PATH)/TheMovieBox";
			};
			name = Release;
		};
		4AC5F7212953C9AB00FDB0E8 /* Debug */ = {
			isa = XCBuildConfiguration;
			baseConfigurationReference = 6CE5C656C6E854CC75AA2034 /* Pods-TheMovieBox-TheMovieBoxUITests.debug.xcconfig */;
			buildSettings = {
				ALWAYS_EMBED_SWIFT_STANDARD_LIBRARIES = YES;
				CODE_SIGN_STYLE = Automatic;
				CURRENT_PROJECT_VERSION = 1;
				DEVELOPMENT_TEAM = S4S9NLK24C;
				GENERATE_INFOPLIST_FILE = YES;
				MARKETING_VERSION = 1.0;
				PRODUCT_BUNDLE_IDENTIFIER = com.isa.TheMovieBoxUITests;
				PRODUCT_NAME = "$(TARGET_NAME)";
				SWIFT_EMIT_LOC_STRINGS = NO;
				SWIFT_VERSION = 5.0;
				TARGETED_DEVICE_FAMILY = "1,2";
				TEST_TARGET_NAME = TheMovieBox;
			};
			name = Debug;
		};
		4AC5F7222953C9AB00FDB0E8 /* Release */ = {
			isa = XCBuildConfiguration;
			baseConfigurationReference = 76EB4CC06B216B94BBEB4D50 /* Pods-TheMovieBox-TheMovieBoxUITests.release.xcconfig */;
			buildSettings = {
				ALWAYS_EMBED_SWIFT_STANDARD_LIBRARIES = YES;
				CODE_SIGN_STYLE = Automatic;
				CURRENT_PROJECT_VERSION = 1;
				DEVELOPMENT_TEAM = S4S9NLK24C;
				GENERATE_INFOPLIST_FILE = YES;
				MARKETING_VERSION = 1.0;
				PRODUCT_BUNDLE_IDENTIFIER = com.isa.TheMovieBoxUITests;
				PRODUCT_NAME = "$(TARGET_NAME)";
				SWIFT_EMIT_LOC_STRINGS = NO;
				SWIFT_VERSION = 5.0;
				TARGETED_DEVICE_FAMILY = "1,2";
				TEST_TARGET_NAME = TheMovieBox;
			};
			name = Release;
		};
/* End XCBuildConfiguration section */

/* Begin XCConfigurationList section */
		4AC5F6EB2953C9AA00FDB0E8 /* Build configuration list for PBXProject "TheMovieBox" */ = {
			isa = XCConfigurationList;
			buildConfigurations = (
				4AC5F7182953C9AB00FDB0E8 /* Debug */,
				4AC5F7192953C9AB00FDB0E8 /* Release */,
			);
			defaultConfigurationIsVisible = 0;
			defaultConfigurationName = Release;
		};
		4AC5F71A2953C9AB00FDB0E8 /* Build configuration list for PBXNativeTarget "TheMovieBox" */ = {
			isa = XCConfigurationList;
			buildConfigurations = (
				4AC5F71B2953C9AB00FDB0E8 /* Debug */,
				4AC5F71C2953C9AB00FDB0E8 /* Release */,
			);
			defaultConfigurationIsVisible = 0;
			defaultConfigurationName = Release;
		};
		4AC5F71D2953C9AB00FDB0E8 /* Build configuration list for PBXNativeTarget "TheMovieBoxTests" */ = {
			isa = XCConfigurationList;
			buildConfigurations = (
				4AC5F71E2953C9AB00FDB0E8 /* Debug */,
				4AC5F71F2953C9AB00FDB0E8 /* Release */,
			);
			defaultConfigurationIsVisible = 0;
			defaultConfigurationName = Release;
		};
		4AC5F7202953C9AB00FDB0E8 /* Build configuration list for PBXNativeTarget "TheMovieBoxUITests" */ = {
			isa = XCConfigurationList;
			buildConfigurations = (
				4AC5F7212953C9AB00FDB0E8 /* Debug */,
				4AC5F7222953C9AB00FDB0E8 /* Release */,
			);
			defaultConfigurationIsVisible = 0;
			defaultConfigurationName = Release;
		};
/* End XCConfigurationList section */
	};
	rootObject = 4AC5F6E82953C9AA00FDB0E8 /* Project object */;
}
